
Microsoft Visual Studio Solution File, Format Version 12.00
# Visual Studio Version 16
VisualStudioVersion = 16.0.31624.102
MinimumVisualStudioVersion = 10.0.40219.1
Project("{FAE04EC0-301F-11D3-BF4B-00C04F79EFBC}") = "Lab_11", "Lab_11\Lab_11.csproj", "{5B7430C1-D984-49D0-AB8C-7695A17C18A0}"
EndProject
Project("{FAE04EC0-301F-11D3-BF4B-00C04F79EFBC}") = "Lab_12", "Lab_12\Lab_12.csproj", "{92AEC7E8-77C4-4791-B797-C1A54E9ECF26}"
EndProject
Project("{FAE04EC0-301F-11D3-BF4B-00C04F79EFBC}") = "SortingMethodAnalysing", "SortingMethodAnalysing\SortingMethodAnalysing.csproj", "{F07F749F-0BFA-4EBE-B2AC-9EE4D666101D}"
EndProject
Global
	GlobalSection(SolutionConfigurationPlatforms) = preSolution
		Debug|Any CPU = Debug|Any CPU
		Release|Any CPU = Release|Any CPU
	EndGlobalSection
	GlobalSection(ProjectConfigurationPlatforms) = postSolution
		{5B7430C1-D984-49D0-AB8C-7695A17C18A0}.Debug|Any CPU.ActiveCfg = Debug|Any CPU
		{5B7430C1-D984-49D0-AB8C-7695A17C18A0}.Debug|Any CPU.Build.0 = Debug|Any CPU
		{5B7430C1-D984-49D0-AB8C-7695A17C18A0}.Release|Any CPU.ActiveCfg = Release|Any CPU
		{5B7430C1-D984-49D0-AB8C-7695A17C18A0}.Release|Any CPU.Build.0 = Release|Any CPU
		{92AEC7E8-77C4-4791-B797-C1A54E9ECF26}.Debug|Any CPU.ActiveCfg = Debug|Any CPU
		{92AEC7E8-77C4-4791-B797-C1A54E9ECF26}.Debug|Any CPU.Build.0 = Debug|Any CPU
		{92AEC7E8-77C4-4791-B797-C1A54E9ECF26}.Release|Any CPU.ActiveCfg = Release|Any CPU
		{92AEC7E8-77C4-4791-B797-C1A54E9ECF26}.Release|Any CPU.Build.0 = Release|Any CPU
		{F07F749F-0BFA-4EBE-B2AC-9EE4D666101D}.Debug|Any CPU.ActiveCfg = Debug|Any CPU
		{F07F749F-0BFA-4EBE-B2AC-9EE4D666101D}.Debug|Any CPU.Build.0 = Debug|Any CPU
		{F07F749F-0BFA-4EBE-B2AC-9EE4D666101D}.Release|Any CPU.ActiveCfg = Release|Any CPU
		{F07F749F-0BFA-4EBE-B2AC-9EE4D666101D}.Release|Any CPU.Build.0 = Release|Any CPU
	EndGlobalSection
	GlobalSection(SolutionProperties) = preSolution
		HideSolutionNode = FALSE
	EndGlobalSection
	GlobalSection(ExtensibilityGlobals) = postSolution
		SolutionGuid = {76A72C0F-170A-4C39-B47E-7F78762853D5}
	EndGlobalSection
EndGlobal
